
Microsoft Visual Studio Solution File, Format Version 12.00
# Visual Studio 2013
VisualStudioVersion = 12.0.30501.0
MinimumVisualStudioVersion = 10.0.40219.1
Project("{FAE04EC0-301F-11D3-BF4B-00C04F79EFBC}") = "CodeChest.Models", "CodeChest.Models\CodeChest.Models.csproj", "{6FBA8763-ED2F-4316-B0A6-D21AC27237EC}"
EndProject
Project("{FAE04EC0-301F-11D3-BF4B-00C04F79EFBC}") = "CodeChest.Data", "CodeChest.Data\CodeChest.Data.csproj", "{55AAF456-13D4-49C3-B11E-A5B4586D3183}"
EndProject
Project("{FAE04EC0-301F-11D3-BF4B-00C04F79EFBC}") = "CodeChest.Web", "CodeChest.Web\CodeChest.Web.csproj", "{EE5383B7-E0E8-4B8C-B978-C2A9C0E6DB56}"
EndProject
Global
	GlobalSection(SolutionConfigurationPlatforms) = preSolution
		Debug|Any CPU = Debug|Any CPU
		Release|Any CPU = Release|Any CPU
	EndGlobalSection
	GlobalSection(ProjectConfigurationPlatforms) = postSolution
		{6FBA8763-ED2F-4316-B0A6-D21AC27237EC}.Debug|Any CPU.ActiveCfg = Debug|Any CPU
		{6FBA8763-ED2F-4316-B0A6-D21AC27237EC}.Debug|Any CPU.Build.0 = Debug|Any CPU
		{6FBA8763-ED2F-4316-B0A6-D21AC27237EC}.Release|Any CPU.ActiveCfg = Release|Any CPU
		{6FBA8763-ED2F-4316-B0A6-D21AC27237EC}.Release|Any CPU.Build.0 = Release|Any CPU
		{55AAF456-13D4-49C3-B11E-A5B4586D3183}.Debug|Any CPU.ActiveCfg = Debug|Any CPU
		{55AAF456-13D4-49C3-B11E-A5B4586D3183}.Debug|Any CPU.Build.0 = Debug|Any CPU
		{55AAF456-13D4-49C3-B11E-A5B4586D3183}.Release|Any CPU.ActiveCfg = Release|Any CPU
		{55AAF456-13D4-49C3-B11E-A5B4586D3183}.Release|Any CPU.Build.0 = Release|Any CPU
		{EE5383B7-E0E8-4B8C-B978-C2A9C0E6DB56}.Debug|Any CPU.ActiveCfg = Debug|Any CPU
		{EE5383B7-E0E8-4B8C-B978-C2A9C0E6DB56}.Debug|Any CPU.Build.0 = Debug|Any CPU
		{EE5383B7-E0E8-4B8C-B978-C2A9C0E6DB56}.Release|Any CPU.ActiveCfg = Release|Any CPU
		{EE5383B7-E0E8-4B8C-B978-C2A9C0E6DB56}.Release|Any CPU.Build.0 = Release|Any CPU
	EndGlobalSection
	GlobalSection(SolutionProperties) = preSolution
		HideSolutionNode = FALSE
	EndGlobalSection
EndGlobal
